
Microsoft Visual Studio Solution File, Format Version 10.00
# Visual Studio 2008
Project("{FAE04EC0-301F-11D3-BF4B-00C04F79EFBC}") = "Client", "Client\Client.csproj", "{515D6F91-CB6F-47D5-A6C5-C981EA58505C}"
EndProject
Project("{FAE04EC0-301F-11D3-BF4B-00C04F79EFBC}") = "Tests", "Tests\Tests.csproj", "{39A1F757-A116-43C6-8E4A-D1D1F61F5204}"
EndProject
Project("{2150E333-8FDC-42A3-9474-1A3956D46DE8}") = "Solution Items", "Solution Items", "{897A455E-AA63-4F8A-9763-5AFD8849D80B}"
	ProjectSection(SolutionItems) = preProject
		LocalTestRun.testrunconfig = LocalTestRun.testrunconfig
		VidlyDotNet.vsmdi = VidlyDotNet.vsmdi
		VidlyDotNet1.vsmdi = VidlyDotNet1.vsmdi
	EndProjectSection
EndProject
Global
	GlobalSection(TestCaseManagementSettings) = postSolution
		CategoryFile = VidlyDotNet1.vsmdi
	EndGlobalSection
	GlobalSection(SolutionConfigurationPlatforms) = preSolution
		Debug|Any CPU = Debug|Any CPU
		Release|Any CPU = Release|Any CPU
	EndGlobalSection
	GlobalSection(ProjectConfigurationPlatforms) = postSolution
		{515D6F91-CB6F-47D5-A6C5-C981EA58505C}.Debug|Any CPU.ActiveCfg = Debug|Any CPU
		{515D6F91-CB6F-47D5-A6C5-C981EA58505C}.Debug|Any CPU.Build.0 = Debug|Any CPU
		{515D6F91-CB6F-47D5-A6C5-C981EA58505C}.Release|Any CPU.ActiveCfg = Release|Any CPU
		{515D6F91-CB6F-47D5-A6C5-C981EA58505C}.Release|Any CPU.Build.0 = Release|Any CPU
		{39A1F757-A116-43C6-8E4A-D1D1F61F5204}.Debug|Any CPU.ActiveCfg = Debug|Any CPU
		{39A1F757-A116-43C6-8E4A-D1D1F61F5204}.Debug|Any CPU.Build.0 = Debug|Any CPU
		{39A1F757-A116-43C6-8E4A-D1D1F61F5204}.Release|Any CPU.ActiveCfg = Release|Any CPU
		{39A1F757-A116-43C6-8E4A-D1D1F61F5204}.Release|Any CPU.Build.0 = Release|Any CPU
	EndGlobalSection
	GlobalSection(SolutionProperties) = preSolution
		HideSolutionNode = FALSE
	EndGlobalSection
EndGlobal
